
Microsoft Visual Studio Solution File, Format Version 12.00
# Visual Studio Version 16
VisualStudioVersion = 16.0.33927.289
MinimumVisualStudioVersion = 10.0.40219.1
Project("{2150E333-8FDC-42A3-9474-1A3956D46DE8}") = "Task0", "Task0", "{E2CF7C1D-9487-4D92-8B1E-F8004DEAC972}"
EndProject
Project("{FAE04EC0-301F-11D3-BF4B-00C04F79EFBC}") = "Tyuiu.GalyameevMR.Sprint4.Task0.V29.Lib", "Tyuiu.GalyameevMR.Sprint4.Task0.V29.Lib\Tyuiu.GalyameevMR.Sprint4.Task0.V29.Lib.csproj", "{227FFDBF-539B-4744-82C2-A4FF1E4B2CB3}"
EndProject
Project("{FAE04EC0-301F-11D3-BF4B-00C04F79EFBC}") = "Tyuiu.GalyameevMR.Sprint4.Task0.V29.Test", "Tyuiu.GalyameevMR.Sprint4.Task0.V29.Test\Tyuiu.GalyameevMR.Sprint4.Task0.V29.Test.csproj", "{4FAAD020-923D-42DE-A64C-EAD5081ED0D1}"
EndProject
Project("{FAE04EC0-301F-11D3-BF4B-00C04F79EFBC}") = "Tyuiu.GalyameevMR.Sprint4.Task0.V29", "Tyuiu.GalyameevMR.Sprint4.Task0.V29\Tyuiu.GalyameevMR.Sprint4.Task0.V29.csproj", "{B57E3DDE-0152-4476-9644-7D1425436C27}"
EndProject
Project("{2150E333-8FDC-42A3-9474-1A3956D46DE8}") = "Task1", "Task1", "{E403C748-DD9B-42F3-97B3-7C00F39053C2}"
EndProject
Project("{FAE04EC0-301F-11D3-BF4B-00C04F79EFBC}") = "Tyuiu.GalyameevMR.Sprint4.Task1.V17", "Tyuiu.GalyameevMR.Sprint4.Task1.V17\Tyuiu.GalyameevMR.Sprint4.Task1.V17.csproj", "{7E2ECB23-069A-4914-B593-64F5EC0324F9}"
EndProject
Project("{FAE04EC0-301F-11D3-BF4B-00C04F79EFBC}") = "Tyuiu.GalyameevMR.Sprint4.Task1.V17.Test", "Tyuiu.GalyameevMR.Sprint4.Task1.V17.Test\Tyuiu.GalyameevMR.Sprint4.Task1.V17.Test.csproj", "{940B63EC-62E9-44DA-A1C5-8263D7763C9B}"
EndProject
Project("{FAE04EC0-301F-11D3-BF4B-00C04F79EFBC}") = "Tyuiu.GalyameevMR.Sprint4.Task1.V17.Lib", "Tyuiu.GalyameevMR.Sprint4.Task1.V17.Lib\Tyuiu.GalyameevMR.Sprint4.Task1.V17.Lib.csproj", "{6EB81C01-E038-4C4D-B1A6-96C6788969F5}"
EndProject
Project("{2150E333-8FDC-42A3-9474-1A3956D46DE8}") = "Task2", "Task2", "{496942D7-A6FC-4198-A5A8-19D831ADB478}"
EndProject
Project("{FAE04EC0-301F-11D3-BF4B-00C04F79EFBC}") = "Tyuiu.GalyameevMR.Sprint4.Task2.V20.Lib", "Tyuiu.GalyameevMR.Sprint4.Task2.V20.Lib\Tyuiu.GalyameevMR.Sprint4.Task2.V20.Lib.csproj", "{57C14A74-7B55-4524-9C88-E11F3BE28C0D}"
EndProject
Project("{FAE04EC0-301F-11D3-BF4B-00C04F79EFBC}") = "Tyuiu.GalyameevMR.Sprint4.Task2.V20.Test", "Tyuiu.GalyameevMR.Sprint4.Task2.V20.Test\Tyuiu.GalyameevMR.Sprint4.Task2.V20.Test.csproj", "{BE7439E6-B7B9-436D-92FD-8F36390C244D}"
EndProject
Project("{FAE04EC0-301F-11D3-BF4B-00C04F79EFBC}") = "Tyuiu.GalyameevMR.Sprint4.Task2.V20", "Tyuiu.GalyameevMR.Sprint4.Task2.V20\Tyuiu.GalyameevMR.Sprint4.Task2.V20.csproj", "{F4B8A56F-7387-4829-81FD-7D6FE022E2DB}"
EndProject
Project("{2150E333-8FDC-42A3-9474-1A3956D46DE8}") = "Task3", "Task3", "{DF72FF72-8606-401F-96DA-9B5E403CA846}"
EndProject
Project("{FAE04EC0-301F-11D3-BF4B-00C04F79EFBC}") = "Tyuiu.GalyameevMR.Sprint4.Task3.V10", "Tyuiu.GalyameevMR.Sprint4.Task3.V10\Tyuiu.GalyameevMR.Sprint4.Task3.V10.csproj", "{A4FAEA45-D243-4FB5-B3E5-000E69BD4E3E}"
EndProject
Project("{FAE04EC0-301F-11D3-BF4B-00C04F79EFBC}") = "Tyuiu.GalyameevMR.Sprint4.Task3.V10.Test", "Tyuiu.GalyameevMR.Sprint4.Task3.V10.Test\Tyuiu.GalyameevMR.Sprint4.Task3.V10.Test.csproj", "{4DF25676-EF2A-4886-9418-F1ED5E90DE3B}"
EndProject
Project("{FAE04EC0-301F-11D3-BF4B-00C04F79EFBC}") = "Tyuiu.GalyameevMR.Sprint4.Task3.V10.Lib", "Tyuiu.GalyameevMR.Sprint4.Task3.V10.Lib\Tyuiu.GalyameevMR.Sprint4.Task3.V10.Lib.csproj", "{254C061D-15F0-4FF0-8B8C-5ED1D2D7382B}"
EndProject
Global
	GlobalSection(SolutionConfigurationPlatforms) = preSolution
		Debug|Any CPU = Debug|Any CPU
		Release|Any CPU = Release|Any CPU
	EndGlobalSection
	GlobalSection(ProjectConfigurationPlatforms) = postSolution
		{227FFDBF-539B-4744-82C2-A4FF1E4B2CB3}.Debug|Any CPU.ActiveCfg = Debug|Any CPU
		{227FFDBF-539B-4744-82C2-A4FF1E4B2CB3}.Debug|Any CPU.Build.0 = Debug|Any CPU
		{227FFDBF-539B-4744-82C2-A4FF1E4B2CB3}.Release|Any CPU.ActiveCfg = Release|Any CPU
		{227FFDBF-539B-4744-82C2-A4FF1E4B2CB3}.Release|Any CPU.Build.0 = Release|Any CPU
		{4FAAD020-923D-42DE-A64C-EAD5081ED0D1}.Debug|Any CPU.ActiveCfg = Debug|Any CPU
		{4FAAD020-923D-42DE-A64C-EAD5081ED0D1}.Debug|Any CPU.Build.0 = Debug|Any CPU
		{4FAAD020-923D-42DE-A64C-EAD5081ED0D1}.Release|Any CPU.ActiveCfg = Release|Any CPU
		{4FAAD020-923D-42DE-A64C-EAD5081ED0D1}.Release|Any CPU.Build.0 = Release|Any CPU
		{B57E3DDE-0152-4476-9644-7D1425436C27}.Debug|Any CPU.ActiveCfg = Debug|Any CPU
		{B57E3DDE-0152-4476-9644-7D1425436C27}.Debug|Any CPU.Build.0 = Debug|Any CPU
		{B57E3DDE-0152-4476-9644-7D1425436C27}.Release|Any CPU.ActiveCfg = Release|Any CPU
		{B57E3DDE-0152-4476-9644-7D1425436C27}.Release|Any CPU.Build.0 = Release|Any CPU
		{7E2ECB23-069A-4914-B593-64F5EC0324F9}.Debug|Any CPU.ActiveCfg = Debug|Any CPU
		{7E2ECB23-069A-4914-B593-64F5EC0324F9}.Debug|Any CPU.Build.0 = Debug|Any CPU
		{7E2ECB23-069A-4914-B593-64F5EC0324F9}.Release|Any CPU.ActiveCfg = Release|Any CPU
		{7E2ECB23-069A-4914-B593-64F5EC0324F9}.Release|Any CPU.Build.0 = Release|Any CPU
		{940B63EC-62E9-44DA-A1C5-8263D7763C9B}.Debug|Any CPU.ActiveCfg = Debug|Any CPU
		{940B63EC-62E9-44DA-A1C5-8263D7763C9B}.Debug|Any CPU.Build.0 = Debug|Any CPU
		{940B63EC-62E9-44DA-A1C5-8263D7763C9B}.Release|Any CPU.ActiveCfg = Release|Any CPU
		{940B63EC-62E9-44DA-A1C5-8263D7763C9B}.Release|Any CPU.Build.0 = Release|Any CPU
		{6EB81C01-E038-4C4D-B1A6-96C6788969F5}.Debug|Any CPU.ActiveCfg = Debug|Any CPU
		{6EB81C01-E038-4C4D-B1A6-96C6788969F5}.Debug|Any CPU.Build.0 = Debug|Any CPU
		{6EB81C01-E038-4C4D-B1A6-96C6788969F5}.Release|Any CPU.ActiveCfg = Release|Any CPU
		{6EB81C01-E038-4C4D-B1A6-96C6788969F5}.Release|Any CPU.Build.0 = Release|Any CPU
		{57C14A74-7B55-4524-9C88-E11F3BE28C0D}.Debug|Any CPU.ActiveCfg = Debug|Any CPU
		{57C14A74-7B55-4524-9C88-E11F3BE28C0D}.Debug|Any CPU.Build.0 = Debug|Any CPU
		{57C14A74-7B55-4524-9C88-E11F3BE28C0D}.Release|Any CPU.ActiveCfg = Release|Any CPU
		{57C14A74-7B55-4524-9C88-E11F3BE28C0D}.Release|Any CPU.Build.0 = Release|Any CPU
		{BE7439E6-B7B9-436D-92FD-8F36390C244D}.Debug|Any CPU.ActiveCfg = Debug|Any CPU
		{BE7439E6-B7B9-436D-92FD-8F36390C244D}.Debug|Any CPU.Build.0 = Debug|Any CPU
		{BE7439E6-B7B9-436D-92FD-8F36390C244D}.Release|Any CPU.ActiveCfg = Release|Any CPU
		{BE7439E6-B7B9-436D-92FD-8F36390C244D}.Release|Any CPU.Build.0 = Release|Any CPU
		{F4B8A56F-7387-4829-81FD-7D6FE022E2DB}.Debug|Any CPU.ActiveCfg = Debug|Any CPU
		{F4B8A56F-7387-4829-81FD-7D6FE022E2DB}.Debug|Any CPU.Build.0 = Debug|Any CPU
		{F4B8A56F-7387-4829-81FD-7D6FE022E2DB}.Release|Any CPU.ActiveCfg = Release|Any CPU
		{F4B8A56F-7387-4829-81FD-7D6FE022E2DB}.Release|Any CPU.Build.0 = Release|Any CPU
		{A4FAEA45-D243-4FB5-B3E5-000E69BD4E3E}.Debug|Any CPU.ActiveCfg = Debug|Any CPU
		{A4FAEA45-D243-4FB5-B3E5-000E69BD4E3E}.Debug|Any CPU.Build.0 = Debug|Any CPU
		{A4FAEA45-D243-4FB5-B3E5-000E69BD4E3E}.Release|Any CPU.ActiveCfg = Release|Any CPU
		{A4FAEA45-D243-4FB5-B3E5-000E69BD4E3E}.Release|Any CPU.Build.0 = Release|Any CPU
		{4DF25676-EF2A-4886-9418-F1ED5E90DE3B}.Debug|Any CPU.ActiveCfg = Debug|Any CPU
		{4DF25676-EF2A-4886-9418-F1ED5E90DE3B}.Debug|Any CPU.Build.0 = Debug|Any CPU
		{4DF25676-EF2A-4886-9418-F1ED5E90DE3B}.Release|Any CPU.ActiveCfg = Release|Any CPU
		{4DF25676-EF2A-4886-9418-F1ED5E90DE3B}.Release|Any CPU.Build.0 = Release|Any CPU
		{254C061D-15F0-4FF0-8B8C-5ED1D2D7382B}.Debug|Any CPU.ActiveCfg = Debug|Any CPU
		{254C061D-15F0-4FF0-8B8C-5ED1D2D7382B}.Debug|Any CPU.Build.0 = Debug|Any CPU
		{254C061D-15F0-4FF0-8B8C-5ED1D2D7382B}.Release|Any CPU.ActiveCfg = Release|Any CPU
		{254C061D-15F0-4FF0-8B8C-5ED1D2D7382B}.Release|Any CPU.Build.0 = Release|Any CPU
	EndGlobalSection
	GlobalSection(SolutionProperties) = preSolution
		HideSolutionNode = FALSE
	EndGlobalSection
	GlobalSection(NestedProjects) = preSolution
		{227FFDBF-539B-4744-82C2-A4FF1E4B2CB3} = {E2CF7C1D-9487-4D92-8B1E-F8004DEAC972}
		{4FAAD020-923D-42DE-A64C-EAD5081ED0D1} = {E2CF7C1D-9487-4D92-8B1E-F8004DEAC972}
		{B57E3DDE-0152-4476-9644-7D1425436C27} = {E2CF7C1D-9487-4D92-8B1E-F8004DEAC972}
		{7E2ECB23-069A-4914-B593-64F5EC0324F9} = {E403C748-DD9B-42F3-97B3-7C00F39053C2}
		{940B63EC-62E9-44DA-A1C5-8263D7763C9B} = {E403C748-DD9B-42F3-97B3-7C00F39053C2}
		{6EB81C01-E038-4C4D-B1A6-96C6788969F5} = {E403C748-DD9B-42F3-97B3-7C00F39053C2}
		{57C14A74-7B55-4524-9C88-E11F3BE28C0D} = {496942D7-A6FC-4198-A5A8-19D831ADB478}
		{BE7439E6-B7B9-436D-92FD-8F36390C244D} = {496942D7-A6FC-4198-A5A8-19D831ADB478}
		{F4B8A56F-7387-4829-81FD-7D6FE022E2DB} = {496942D7-A6FC-4198-A5A8-19D831ADB478}
		{A4FAEA45-D243-4FB5-B3E5-000E69BD4E3E} = {DF72FF72-8606-401F-96DA-9B5E403CA846}
		{4DF25676-EF2A-4886-9418-F1ED5E90DE3B} = {DF72FF72-8606-401F-96DA-9B5E403CA846}
		{254C061D-15F0-4FF0-8B8C-5ED1D2D7382B} = {DF72FF72-8606-401F-96DA-9B5E403CA846}
	EndGlobalSection
	GlobalSection(ExtensibilityGlobals) = postSolution
		SolutionGuid = {173A26EE-ACD9-4552-A069-A83DCF218257}
	EndGlobalSection
EndGlobal
