
Microsoft Visual Studio Solution File, Format Version 12.00
# Visual Studio Version 16
VisualStudioVersion = 16.0.33927.289
MinimumVisualStudioVersion = 10.0.40219.1
Project("{2150E333-8FDC-42A3-9474-1A3956D46DE8}") = "Task0", "Task0", "{E2CF7C1D-9487-4D92-8B1E-F8004DEAC972}"
EndProject
Project("{FAE04EC0-301F-11D3-BF4B-00C04F79EFBC}") = "Tyuiu.GalyameevMR.Sprint4.Task0.V29.Lib", "Tyuiu.GalyameevMR.Sprint4.Task0.V29.Lib\Tyuiu.GalyameevMR.Sprint4.Task0.V29.Lib.csproj", "{227FFDBF-539B-4744-82C2-A4FF1E4B2CB3}"
EndProject
Project("{FAE04EC0-301F-11D3-BF4B-00C04F79EFBC}") = "Tyuiu.GalyameevMR.Sprint4.Task0.V29.Test", "Tyuiu.GalyameevMR.Sprint4.Task0.V29.Test\Tyuiu.GalyameevMR.Sprint4.Task0.V29.Test.csproj", "{4FAAD020-923D-42DE-A64C-EAD5081ED0D1}"
EndProject
Project("{FAE04EC0-301F-11D3-BF4B-00C04F79EFBC}") = "Tyuiu.GalyameevMR.Sprint4.Task0.V29", "Tyuiu.GalyameevMR.Sprint4.Task0.V29\Tyuiu.GalyameevMR.Sprint4.Task0.V29.csproj", "{B57E3DDE-0152-4476-9644-7D1425436C27}"
EndProject
Project("{2150E333-8FDC-42A3-9474-1A3956D46DE8}") = "Task1", "Task1", "{E403C748-DD9B-42F3-97B3-7C00F39053C2}"
EndProject
Project("{FAE04EC0-301F-11D3-BF4B-00C04F79EFBC}") = "Tyuiu.GalyameevMR.Sprint4.Task1.V17", "Tyuiu.GalyameevMR.Sprint4.Task1.V17\Tyuiu.GalyameevMR.Sprint4.Task1.V17.csproj", "{7E2ECB23-069A-4914-B593-64F5EC0324F9}"
EndProject
Project("{FAE04EC0-301F-11D3-BF4B-00C04F79EFBC}") = "Tyuiu.GalyameevMR.Sprint4.Task1.V17.Test", "Tyuiu.GalyameevMR.Sprint4.Task1.V17.Test\Tyuiu.GalyameevMR.Sprint4.Task1.V17.Test.csproj", "{940B63EC-62E9-44DA-A1C5-8263D7763C9B}"
EndProject
Project("{FAE04EC0-301F-11D3-BF4B-00C04F79EFBC}") = "Tyuiu.GalyameevMR.Sprint4.Task1.V17.Lib", "Tyuiu.GalyameevMR.Sprint4.Task1.V17.Lib\Tyuiu.GalyameevMR.Sprint4.Task1.V17.Lib.csproj", "{6EB81C01-E038-4C4D-B1A6-96C6788969F5}"
EndProject
Project("{2150E333-8FDC-42A3-9474-1A3956D46DE8}") = "Task2", "Task2", "{496942D7-A6FC-4198-A5A8-19D831ADB478}"
EndProject
Project("{FAE04EC0-301F-11D3-BF4B-00C04F79EFBC}") = "Tyuiu.GalyameevMR.Sprint4.Task2.V20.Lib", "Tyuiu.GalyameevMR.Sprint4.Task2.V20.Lib\Tyuiu.GalyameevMR.Sprint4.Task2.V20.Lib.csproj", "{57C14A74-7B55-4524-9C88-E11F3BE28C0D}"
EndProject
Project("{FAE04EC0-301F-11D3-BF4B-00C04F79EFBC}") = "Tyuiu.GalyameevMR.Sprint4.Task2.V20.Test", "Tyuiu.GalyameevMR.Sprint4.Task2.V20.Test\Tyuiu.GalyameevMR.Sprint4.Task2.V20.Test.csproj", "{BE7439E6-B7B9-436D-92FD-8F36390C244D}"
EndProject
Project("{FAE04EC0-301F-11D3-BF4B-00C04F79EFBC}") = "Tyuiu.GalyameevMR.Sprint4.Task2.V20", "Tyuiu.GalyameevMR.Sprint4.Task2.V20\Tyuiu.GalyameevMR.Sprint4.Task2.V20.csproj", "{F4B8A56F-7387-4829-81FD-7D6FE022E2DB}"
EndProject
Project("{2150E333-8FDC-42A3-9474-1A3956D46DE8}") = "Task3", "Task3", "{DF72FF72-8606-401F-96DA-9B5E403CA846}"
EndProject
Project("{FAE04EC0-301F-11D3-BF4B-00C04F79EFBC}") = "Tyuiu.GalyameevMR.Sprint4.Task3.V10", "Tyuiu.GalyameevMR.Sprint4.Task3.V10\Tyuiu.GalyameevMR.Sprint4.Task3.V10.csproj", "{A4FAEA45-D243-4FB5-B3E5-000E69BD4E3E}"
EndProject
Project("{FAE04EC0-301F-11D3-BF4B-00C04F79EFBC}") = "Tyuiu.GalyameevMR.Sprint4.Task3.V10.Test", "Tyuiu.GalyameevMR.Sprint4.Task3.V10.Test\Tyuiu.GalyameevMR.Sprint4.Task3.V10.Test.csproj", "{4DF25676-EF2A-4886-9418-F1ED5E90DE3B}"
EndProject
Project("{FAE04EC0-301F-11D3-BF4B-00C04F79EFBC}") = "Tyuiu.GalyameevMR.Sprint4.Task3.V10.Lib", "Tyuiu.GalyameevMR.Sprint4.Task3.V10.Lib\Tyuiu.GalyameevMR.Sprint4.Task3.V10.Lib.csproj", "{254C061D-15F0-4FF0-8B8C-5ED1D2D7382B}"
EndProject
Project("{2150E333-8FDC-42A3-9474-1A3956D46DE8}") = "Task4", "Task4", "{8817A22C-2BBC-44A6-9742-D0C8135CCD60}"
EndProject
Project("{FAE04EC0-301F-11D3-BF4B-00C04F79EFBC}") = "Tyuiu.GalyameevMR.Sprint4.Task4.V8.Lib", "Tyuiu.GalyameevMR.Sprint4.Task4.V8.Lib\Tyuiu.GalyameevMR.Sprint4.Task4.V8.Lib.csproj", "{5499B349-3EA1-4431-BA8E-2EACF3A113E4}"
EndProject
Project("{FAE04EC0-301F-11D3-BF4B-00C04F79EFBC}") = "Tyuiu.GalyameevMR.Sprint4.Task4.V8.Test", "Tyuiu.GalyameevMR.Sprint4.Task4.V8.Test\Tyuiu.GalyameevMR.Sprint4.Task4.V8.Test.csproj", "{CFFB97C2-9ED1-46C3-A816-514838C4C20E}"
EndProject
Project("{FAE04EC0-301F-11D3-BF4B-00C04F79EFBC}") = "Tyuiu.GalyameevMR.Sprint4.Task4.V8", "Tyuiu.GalyameevMR.Sprint4.Task4.V8\Tyuiu.GalyameevMR.Sprint4.Task4.V8.csproj", "{17E1A2FC-C407-47A8-960C-72B102D89220}"
EndProject
Project("{2150E333-8FDC-42A3-9474-1A3956D46DE8}") = "Task5", "Task5", "{DA8541C2-1949-44E6-9166-F8F14DB04E54}"
EndProject
Project("{FAE04EC0-301F-11D3-BF4B-00C04F79EFBC}") = "Tyuiu.GalyameevMR.Sprint4.Task5.V26", "Tyuiu.GalyameevMR.Sprint4.Task5.V26\Tyuiu.GalyameevMR.Sprint4.Task5.V26.csproj", "{2F99A668-4982-47B9-86E1-D184AB0E1717}"
EndProject
Project("{FAE04EC0-301F-11D3-BF4B-00C04F79EFBC}") = "Tyuiu.GalyameevMR.Sprint4.Task5.V26.Test", "Tyuiu.GalyameevMR.Sprint4.Task5.V26.Test\Tyuiu.GalyameevMR.Sprint4.Task5.V26.Test.csproj", "{97BBC1B8-7165-4043-A22E-9B33119FF670}"
EndProject
Project("{FAE04EC0-301F-11D3-BF4B-00C04F79EFBC}") = "Tyuiu.GalyameevMR.Sprint4.Task5.V26.Lib", "Tyuiu.GalyameevMR.Sprint4.Task5.V26.Lib\Tyuiu.GalyameevMR.Sprint4.Task5.V26.Lib.csproj", "{FF36A567-0EA8-4287-936C-92EC0AFB4C2C}"
EndProject
Project("{2150E333-8FDC-42A3-9474-1A3956D46DE8}") = "Task6", "Task6", "{6F8C24D2-D3C5-4B81-B564-1735389FDF05}"
EndProject
Project("{FAE04EC0-301F-11D3-BF4B-00C04F79EFBC}") = "Tyuiu.GalyameevMR.Sprint4.Task6.V22.Lib", "Tyuiu.GalyameevMR.Sprint4.Task6.V22.Lib\Tyuiu.GalyameevMR.Sprint4.Task6.V22.Lib.csproj", "{14CBF28A-A3D8-4CFA-A688-E5B07BC43E38}"
EndProject
Project("{FAE04EC0-301F-11D3-BF4B-00C04F79EFBC}") = "Tyuiu.GalyameevMR.Sprint4.Task6.V22.Test", "Tyuiu.GalyameevMR.Sprint4.Task6.V22.Test\Tyuiu.GalyameevMR.Sprint4.Task6.V22.Test.csproj", "{51B0A2CB-EFC2-4B14-B0DD-9C6CE127864A}"
EndProject
Project("{FAE04EC0-301F-11D3-BF4B-00C04F79EFBC}") = "Tyuiu.GalyameevMR.Sprint4.Task6.V22", "Tyuiu.GalyameevMR.Sprint4.Task6.V22\Tyuiu.GalyameevMR.Sprint4.Task6.V22.csproj", "{7B0F6A43-2CF2-426D-A4F6-CFDA0FA6CC84}"
EndProject
Project("{2150E333-8FDC-42A3-9474-1A3956D46DE8}") = "Task7", "Task7", "{6BB915F2-9C02-4474-9E62-14C4ED1E4C64}"
EndProject
Project("{FAE04EC0-301F-11D3-BF4B-00C04F79EFBC}") = "Tyuiu.GalyameevMR.Sprint4.Task7.V25", "Tyuiu.GalyameevMR.Sprint4.Task7.V25\Tyuiu.GalyameevMR.Sprint4.Task7.V25.csproj", "{44AA102E-9CE8-4D5A-8C20-1E732F9E4E8B}"
EndProject
Project("{FAE04EC0-301F-11D3-BF4B-00C04F79EFBC}") = "Tyuiu.GalyameevMR.Sprint4.Task7.V25.Test", "Tyuiu.GalyameevMR.Sprint4.Task7.V25.Test\Tyuiu.GalyameevMR.Sprint4.Task7.V25.Test.csproj", "{45102C0A-D085-4540-828C-99AE7E79EDD7}"
EndProject
Project("{FAE04EC0-301F-11D3-BF4B-00C04F79EFBC}") = "Tyuiu.GalyameevMR.Sprint4.Task7.V25.Lib", "Tyuiu.GalyameevMR.Sprint4.Task7.V25.Lib\Tyuiu.GalyameevMR.Sprint4.Task7.V25.Lib.csproj", "{FBB7295A-C4A0-4E2D-8A26-FDFBF2A9169C}"
EndProject
Global
	GlobalSection(SolutionConfigurationPlatforms) = preSolution
		Debug|Any CPU = Debug|Any CPU
		Release|Any CPU = Release|Any CPU
	EndGlobalSection
	GlobalSection(ProjectConfigurationPlatforms) = postSolution
		{227FFDBF-539B-4744-82C2-A4FF1E4B2CB3}.Debug|Any CPU.ActiveCfg = Debug|Any CPU
		{227FFDBF-539B-4744-82C2-A4FF1E4B2CB3}.Debug|Any CPU.Build.0 = Debug|Any CPU
		{227FFDBF-539B-4744-82C2-A4FF1E4B2CB3}.Release|Any CPU.ActiveCfg = Release|Any CPU
		{227FFDBF-539B-4744-82C2-A4FF1E4B2CB3}.Release|Any CPU.Build.0 = Release|Any CPU
		{4FAAD020-923D-42DE-A64C-EAD5081ED0D1}.Debug|Any CPU.ActiveCfg = Debug|Any CPU
		{4FAAD020-923D-42DE-A64C-EAD5081ED0D1}.Debug|Any CPU.Build.0 = Debug|Any CPU
		{4FAAD020-923D-42DE-A64C-EAD5081ED0D1}.Release|Any CPU.ActiveCfg = Release|Any CPU
		{4FAAD020-923D-42DE-A64C-EAD5081ED0D1}.Release|Any CPU.Build.0 = Release|Any CPU
		{B57E3DDE-0152-4476-9644-7D1425436C27}.Debug|Any CPU.ActiveCfg = Debug|Any CPU
		{B57E3DDE-0152-4476-9644-7D1425436C27}.Debug|Any CPU.Build.0 = Debug|Any CPU
		{B57E3DDE-0152-4476-9644-7D1425436C27}.Release|Any CPU.ActiveCfg = Release|Any CPU
		{B57E3DDE-0152-4476-9644-7D1425436C27}.Release|Any CPU.Build.0 = Release|Any CPU
		{7E2ECB23-069A-4914-B593-64F5EC0324F9}.Debug|Any CPU.ActiveCfg = Debug|Any CPU
		{7E2ECB23-069A-4914-B593-64F5EC0324F9}.Debug|Any CPU.Build.0 = Debug|Any CPU
		{7E2ECB23-069A-4914-B593-64F5EC0324F9}.Release|Any CPU.ActiveCfg = Release|Any CPU
		{7E2ECB23-069A-4914-B593-64F5EC0324F9}.Release|Any CPU.Build.0 = Release|Any CPU
		{940B63EC-62E9-44DA-A1C5-8263D7763C9B}.Debug|Any CPU.ActiveCfg = Debug|Any CPU
		{940B63EC-62E9-44DA-A1C5-8263D7763C9B}.Debug|Any CPU.Build.0 = Debug|Any CPU
		{940B63EC-62E9-44DA-A1C5-8263D7763C9B}.Release|Any CPU.ActiveCfg = Release|Any CPU
		{940B63EC-62E9-44DA-A1C5-8263D7763C9B}.Release|Any CPU.Build.0 = Release|Any CPU
		{6EB81C01-E038-4C4D-B1A6-96C6788969F5}.Debug|Any CPU.ActiveCfg = Debug|Any CPU
		{6EB81C01-E038-4C4D-B1A6-96C6788969F5}.Debug|Any CPU.Build.0 = Debug|Any CPU
		{6EB81C01-E038-4C4D-B1A6-96C6788969F5}.Release|Any CPU.ActiveCfg = Release|Any CPU
		{6EB81C01-E038-4C4D-B1A6-96C6788969F5}.Release|Any CPU.Build.0 = Release|Any CPU
		{57C14A74-7B55-4524-9C88-E11F3BE28C0D}.Debug|Any CPU.ActiveCfg = Debug|Any CPU
		{57C14A74-7B55-4524-9C88-E11F3BE28C0D}.Debug|Any CPU.Build.0 = Debug|Any CPU
		{57C14A74-7B55-4524-9C88-E11F3BE28C0D}.Release|Any CPU.ActiveCfg = Release|Any CPU
		{57C14A74-7B55-4524-9C88-E11F3BE28C0D}.Release|Any CPU.Build.0 = Release|Any CPU
		{BE7439E6-B7B9-436D-92FD-8F36390C244D}.Debug|Any CPU.ActiveCfg = Debug|Any CPU
		{BE7439E6-B7B9-436D-92FD-8F36390C244D}.Debug|Any CPU.Build.0 = Debug|Any CPU
		{BE7439E6-B7B9-436D-92FD-8F36390C244D}.Release|Any CPU.ActiveCfg = Release|Any CPU
		{BE7439E6-B7B9-436D-92FD-8F36390C244D}.Release|Any CPU.Build.0 = Release|Any CPU
		{F4B8A56F-7387-4829-81FD-7D6FE022E2DB}.Debug|Any CPU.ActiveCfg = Debug|Any CPU
		{F4B8A56F-7387-4829-81FD-7D6FE022E2DB}.Debug|Any CPU.Build.0 = Debug|Any CPU
		{F4B8A56F-7387-4829-81FD-7D6FE022E2DB}.Release|Any CPU.ActiveCfg = Release|Any CPU
		{F4B8A56F-7387-4829-81FD-7D6FE022E2DB}.Release|Any CPU.Build.0 = Release|Any CPU
		{A4FAEA45-D243-4FB5-B3E5-000E69BD4E3E}.Debug|Any CPU.ActiveCfg = Debug|Any CPU
		{A4FAEA45-D243-4FB5-B3E5-000E69BD4E3E}.Debug|Any CPU.Build.0 = Debug|Any CPU
		{A4FAEA45-D243-4FB5-B3E5-000E69BD4E3E}.Release|Any CPU.ActiveCfg = Release|Any CPU
		{A4FAEA45-D243-4FB5-B3E5-000E69BD4E3E}.Release|Any CPU.Build.0 = Release|Any CPU
		{4DF25676-EF2A-4886-9418-F1ED5E90DE3B}.Debug|Any CPU.ActiveCfg = Debug|Any CPU
		{4DF25676-EF2A-4886-9418-F1ED5E90DE3B}.Debug|Any CPU.Build.0 = Debug|Any CPU
		{4DF25676-EF2A-4886-9418-F1ED5E90DE3B}.Release|Any CPU.ActiveCfg = Release|Any CPU
		{4DF25676-EF2A-4886-9418-F1ED5E90DE3B}.Release|Any CPU.Build.0 = Release|Any CPU
		{254C061D-15F0-4FF0-8B8C-5ED1D2D7382B}.Debug|Any CPU.ActiveCfg = Debug|Any CPU
		{254C061D-15F0-4FF0-8B8C-5ED1D2D7382B}.Debug|Any CPU.Build.0 = Debug|Any CPU
		{254C061D-15F0-4FF0-8B8C-5ED1D2D7382B}.Release|Any CPU.ActiveCfg = Release|Any CPU
		{254C061D-15F0-4FF0-8B8C-5ED1D2D7382B}.Release|Any CPU.Build.0 = Release|Any CPU
		{5499B349-3EA1-4431-BA8E-2EACF3A113E4}.Debug|Any CPU.ActiveCfg = Debug|Any CPU
		{5499B349-3EA1-4431-BA8E-2EACF3A113E4}.Debug|Any CPU.Build.0 = Debug|Any CPU
		{5499B349-3EA1-4431-BA8E-2EACF3A113E4}.Release|Any CPU.ActiveCfg = Release|Any CPU
		{5499B349-3EA1-4431-BA8E-2EACF3A113E4}.Release|Any CPU.Build.0 = Release|Any CPU
		{CFFB97C2-9ED1-46C3-A816-514838C4C20E}.Debug|Any CPU.ActiveCfg = Debug|Any CPU
		{CFFB97C2-9ED1-46C3-A816-514838C4C20E}.Debug|Any CPU.Build.0 = Debug|Any CPU
		{CFFB97C2-9ED1-46C3-A816-514838C4C20E}.Release|Any CPU.ActiveCfg = Release|Any CPU
		{CFFB97C2-9ED1-46C3-A816-514838C4C20E}.Release|Any CPU.Build.0 = Release|Any CPU
		{17E1A2FC-C407-47A8-960C-72B102D89220}.Debug|Any CPU.ActiveCfg = Debug|Any CPU
		{17E1A2FC-C407-47A8-960C-72B102D89220}.Debug|Any CPU.Build.0 = Debug|Any CPU
		{17E1A2FC-C407-47A8-960C-72B102D89220}.Release|Any CPU.ActiveCfg = Release|Any CPU
		{17E1A2FC-C407-47A8-960C-72B102D89220}.Release|Any CPU.Build.0 = Release|Any CPU
		{2F99A668-4982-47B9-86E1-D184AB0E1717}.Debug|Any CPU.ActiveCfg = Debug|Any CPU
		{2F99A668-4982-47B9-86E1-D184AB0E1717}.Debug|Any CPU.Build.0 = Debug|Any CPU
		{2F99A668-4982-47B9-86E1-D184AB0E1717}.Release|Any CPU.ActiveCfg = Release|Any CPU
		{2F99A668-4982-47B9-86E1-D184AB0E1717}.Release|Any CPU.Build.0 = Release|Any CPU
		{97BBC1B8-7165-4043-A22E-9B33119FF670}.Debug|Any CPU.ActiveCfg = Debug|Any CPU
		{97BBC1B8-7165-4043-A22E-9B33119FF670}.Debug|Any CPU.Build.0 = Debug|Any CPU
		{97BBC1B8-7165-4043-A22E-9B33119FF670}.Release|Any CPU.ActiveCfg = Release|Any CPU
		{97BBC1B8-7165-4043-A22E-9B33119FF670}.Release|Any CPU.Build.0 = Release|Any CPU
		{FF36A567-0EA8-4287-936C-92EC0AFB4C2C}.Debug|Any CPU.ActiveCfg = Debug|Any CPU
		{FF36A567-0EA8-4287-936C-92EC0AFB4C2C}.Debug|Any CPU.Build.0 = Debug|Any CPU
		{FF36A567-0EA8-4287-936C-92EC0AFB4C2C}.Release|Any CPU.ActiveCfg = Release|Any CPU
		{FF36A567-0EA8-4287-936C-92EC0AFB4C2C}.Release|Any CPU.Build.0 = Release|Any CPU
		{14CBF28A-A3D8-4CFA-A688-E5B07BC43E38}.Debug|Any CPU.ActiveCfg = Debug|Any CPU
		{14CBF28A-A3D8-4CFA-A688-E5B07BC43E38}.Debug|Any CPU.Build.0 = Debug|Any CPU
		{14CBF28A-A3D8-4CFA-A688-E5B07BC43E38}.Release|Any CPU.ActiveCfg = Release|Any CPU
		{14CBF28A-A3D8-4CFA-A688-E5B07BC43E38}.Release|Any CPU.Build.0 = Release|Any CPU
		{51B0A2CB-EFC2-4B14-B0DD-9C6CE127864A}.Debug|Any CPU.ActiveCfg = Debug|Any CPU
		{51B0A2CB-EFC2-4B14-B0DD-9C6CE127864A}.Debug|Any CPU.Build.0 = Debug|Any CPU
		{51B0A2CB-EFC2-4B14-B0DD-9C6CE127864A}.Release|Any CPU.ActiveCfg = Release|Any CPU
		{51B0A2CB-EFC2-4B14-B0DD-9C6CE127864A}.Release|Any CPU.Build.0 = Release|Any CPU
		{7B0F6A43-2CF2-426D-A4F6-CFDA0FA6CC84}.Debug|Any CPU.ActiveCfg = Debug|Any CPU
		{7B0F6A43-2CF2-426D-A4F6-CFDA0FA6CC84}.Debug|Any CPU.Build.0 = Debug|Any CPU
		{7B0F6A43-2CF2-426D-A4F6-CFDA0FA6CC84}.Release|Any CPU.ActiveCfg = Release|Any CPU
		{7B0F6A43-2CF2-426D-A4F6-CFDA0FA6CC84}.Release|Any CPU.Build.0 = Release|Any CPU
		{44AA102E-9CE8-4D5A-8C20-1E732F9E4E8B}.Debug|Any CPU.ActiveCfg = Debug|Any CPU
		{44AA102E-9CE8-4D5A-8C20-1E732F9E4E8B}.Debug|Any CPU.Build.0 = Debug|Any CPU
		{44AA102E-9CE8-4D5A-8C20-1E732F9E4E8B}.Release|Any CPU.ActiveCfg = Release|Any CPU
		{44AA102E-9CE8-4D5A-8C20-1E732F9E4E8B}.Release|Any CPU.Build.0 = Release|Any CPU
		{45102C0A-D085-4540-828C-99AE7E79EDD7}.Debug|Any CPU.ActiveCfg = Debug|Any CPU
		{45102C0A-D085-4540-828C-99AE7E79EDD7}.Debug|Any CPU.Build.0 = Debug|Any CPU
		{45102C0A-D085-4540-828C-99AE7E79EDD7}.Release|Any CPU.ActiveCfg = Release|Any CPU
		{45102C0A-D085-4540-828C-99AE7E79EDD7}.Release|Any CPU.Build.0 = Release|Any CPU
		{FBB7295A-C4A0-4E2D-8A26-FDFBF2A9169C}.Debug|Any CPU.ActiveCfg = Debug|Any CPU
		{FBB7295A-C4A0-4E2D-8A26-FDFBF2A9169C}.Debug|Any CPU.Build.0 = Debug|Any CPU
		{FBB7295A-C4A0-4E2D-8A26-FDFBF2A9169C}.Release|Any CPU.ActiveCfg = Release|Any CPU
		{FBB7295A-C4A0-4E2D-8A26-FDFBF2A9169C}.Release|Any CPU.Build.0 = Release|Any CPU
	EndGlobalSection
	GlobalSection(SolutionProperties) = preSolution
		HideSolutionNode = FALSE
	EndGlobalSection
	GlobalSection(NestedProjects) = preSolution
		{227FFDBF-539B-4744-82C2-A4FF1E4B2CB3} = {E2CF7C1D-9487-4D92-8B1E-F8004DEAC972}
		{4FAAD020-923D-42DE-A64C-EAD5081ED0D1} = {E2CF7C1D-9487-4D92-8B1E-F8004DEAC972}
		{B57E3DDE-0152-4476-9644-7D1425436C27} = {E2CF7C1D-9487-4D92-8B1E-F8004DEAC972}
		{7E2ECB23-069A-4914-B593-64F5EC0324F9} = {E403C748-DD9B-42F3-97B3-7C00F39053C2}
		{940B63EC-62E9-44DA-A1C5-8263D7763C9B} = {E403C748-DD9B-42F3-97B3-7C00F39053C2}
		{6EB81C01-E038-4C4D-B1A6-96C6788969F5} = {E403C748-DD9B-42F3-97B3-7C00F39053C2}
		{57C14A74-7B55-4524-9C88-E11F3BE28C0D} = {496942D7-A6FC-4198-A5A8-19D831ADB478}
		{BE7439E6-B7B9-436D-92FD-8F36390C244D} = {496942D7-A6FC-4198-A5A8-19D831ADB478}
		{F4B8A56F-7387-4829-81FD-7D6FE022E2DB} = {496942D7-A6FC-4198-A5A8-19D831ADB478}
		{A4FAEA45-D243-4FB5-B3E5-000E69BD4E3E} = {DF72FF72-8606-401F-96DA-9B5E403CA846}
		{4DF25676-EF2A-4886-9418-F1ED5E90DE3B} = {DF72FF72-8606-401F-96DA-9B5E403CA846}
		{254C061D-15F0-4FF0-8B8C-5ED1D2D7382B} = {DF72FF72-8606-401F-96DA-9B5E403CA846}
		{5499B349-3EA1-4431-BA8E-2EACF3A113E4} = {8817A22C-2BBC-44A6-9742-D0C8135CCD60}
		{CFFB97C2-9ED1-46C3-A816-514838C4C20E} = {8817A22C-2BBC-44A6-9742-D0C8135CCD60}
		{17E1A2FC-C407-47A8-960C-72B102D89220} = {8817A22C-2BBC-44A6-9742-D0C8135CCD60}
		{2F99A668-4982-47B9-86E1-D184AB0E1717} = {DA8541C2-1949-44E6-9166-F8F14DB04E54}
		{97BBC1B8-7165-4043-A22E-9B33119FF670} = {DA8541C2-1949-44E6-9166-F8F14DB04E54}
		{FF36A567-0EA8-4287-936C-92EC0AFB4C2C} = {DA8541C2-1949-44E6-9166-F8F14DB04E54}
		{14CBF28A-A3D8-4CFA-A688-E5B07BC43E38} = {6F8C24D2-D3C5-4B81-B564-1735389FDF05}
		{51B0A2CB-EFC2-4B14-B0DD-9C6CE127864A} = {6F8C24D2-D3C5-4B81-B564-1735389FDF05}
		{7B0F6A43-2CF2-426D-A4F6-CFDA0FA6CC84} = {6F8C24D2-D3C5-4B81-B564-1735389FDF05}
		{44AA102E-9CE8-4D5A-8C20-1E732F9E4E8B} = {6BB915F2-9C02-4474-9E62-14C4ED1E4C64}
		{45102C0A-D085-4540-828C-99AE7E79EDD7} = {6BB915F2-9C02-4474-9E62-14C4ED1E4C64}
		{FBB7295A-C4A0-4E2D-8A26-FDFBF2A9169C} = {6BB915F2-9C02-4474-9E62-14C4ED1E4C64}
	EndGlobalSection
	GlobalSection(ExtensibilityGlobals) = postSolution
		SolutionGuid = {173A26EE-ACD9-4552-A069-A83DCF218257}
	EndGlobalSection
EndGlobal
